// !$*UTF8*$!
{
	archiveVersion = 1;
	classes = {
	};
	objectVersion = 46;
	objects = {

/* Begin PBXBuildFile section */
		E10B14881DFB46580038C894 /* functionsTry2.swift in Sources */ = {isa = PBXBuildFile; fileRef = E10B14871DFB46580038C894 /* functionsTry2.swift */; };
		E10B14891DFC92360038C894 /* testingFunction.swift in Sources */ = {isa = PBXBuildFile; fileRef = E166EE2E1DF9E09400F42910 /* testingFunction.swift */; };
		E166EE261DF9DAD000F42910 /* main.swift in Sources */ = {isa = PBXBuildFile; fileRef = E166EE251DF9DAD000F42910 /* main.swift */; };
		E166EE2D1DF9DAE600F42910 /* Team.swift in Sources */ = {isa = PBXBuildFile; fileRef = E166EE2C1DF9DAE600F42910 /* Team.swift */; };
/* End PBXBuildFile section */

/* Begin PBXCopyFilesBuildPhase section */
		E166EE201DF9DAD000F42910 /* CopyFiles */ = {
			isa = PBXCopyFilesBuildPhase;
			buildActionMask = 2147483647;
			dstPath = /usr/share/man/man1/;
			dstSubfolderSpec = 0;
			files = (
			);
			runOnlyForDeploymentPostprocessing = 1;
		};
/* End PBXCopyFilesBuildPhase section */

/* Begin PBXFileReference section */
		E10B14871DFB46580038C894 /* functionsTry2.swift */ = {isa = PBXFileReference; fileEncoding = 4; lastKnownFileType = sourcecode.swift; path = functionsTry2.swift; sourceTree = "<group>"; };
		E166EE221DF9DAD000F42910 /* AmericanFootBallScoreKeeper */ = {isa = PBXFileReference; explicitFileType = "compiled.mach-o.executable"; includeInIndex = 0; path = AmericanFootBallScoreKeeper; sourceTree = BUILT_PRODUCTS_DIR; };
		E166EE251DF9DAD000F42910 /* main.swift */ = {isa = PBXFileReference; lastKnownFileType = sourcecode.swift; path = main.swift; sourceTree = "<group>"; };
		E166EE2C1DF9DAE600F42910 /* Team.swift */ = {isa = PBXFileReference; fileEncoding = 4; lastKnownFileType = sourcecode.swift; path = Team.swift; sourceTree = "<group>"; };
		E166EE2E1DF9E09400F42910 /* testingFunction.swift */ = {isa = PBXFileReference; fileEncoding = 4; lastKnownFileType = sourcecode.swift; path = testingFunction.swift; sourceTree = "<group>"; };
/* End PBXFileReference section */

/* Begin PBXFrameworksBuildPhase section */
		E166EE1F1DF9DAD000F42910 /* Frameworks */ = {
			isa = PBXFrameworksBuildPhase;
			buildActionMask = 2147483647;
			files = (
			);
			runOnlyForDeploymentPostprocessing = 0;
		};
/* End PBXFrameworksBuildPhase section */

/* Begin PBXGroup section */
		E166EE191DF9DAD000F42910 = {
			isa = PBXGroup;
			children = (
				E166EE241DF9DAD000F42910 /* AmericanFootBallScoreKeeper */,
				E166EE231DF9DAD000F42910 /* Products */,
			);
			sourceTree = "<group>";
		};
		E166EE231DF9DAD000F42910 /* Products */ = {
			isa = PBXGroup;
			children = (
				E166EE221DF9DAD000F42910 /* AmericanFootBallScoreKeeper */,
			);
			name = Products;
			sourceTree = "<group>";
		};
		E166EE241DF9DAD000F42910 /* AmericanFootBallScoreKeeper */ = {
			isa = PBXGroup;
			children = (
				E166EE2C1DF9DAE600F42910 /* Team.swift */,
				E10B14871DFB46580038C894 /* functionsTry2.swift */,
				E166EE251DF9DAD000F42910 /* main.swift */,
				E166EE2E1DF9E09400F42910 /* testingFunction.swift */,
			);
			path = AmericanFootBallScoreKeeper;
			sourceTree = "<group>";
		};
/* End PBXGroup section */

/* Begin PBXNativeTarget section */
		E166EE211DF9DAD000F42910 /* AmericanFootBallScoreKeeper */ = {
			isa = PBXNativeTarget;
			buildConfigurationList = E166EE291DF9DAD000F42910 /* Build configuration list for PBXNativeTarget "AmericanFootBallScoreKeeper" */;
			buildPhases = (
				E166EE1E1DF9DAD000F42910 /* Sources */,
				E166EE1F1DF9DAD000F42910 /* Frameworks */,
				E166EE201DF9DAD000F42910 /* CopyFiles */,
			);
			buildRules = (
			);
			dependencies = (
			);
			name = AmericanFootBallScoreKeeper;
			productName = AmericanFootBallScoreKeeper;
			productReference = E166EE221DF9DAD000F42910 /* AmericanFootBallScoreKeeper */;
			productType = "com.apple.product-type.tool";
		};
/* End PBXNativeTarget section */

/* Begin PBXProject section */
		E166EE1A1DF9DAD000F42910 /* Project object */ = {
			isa = PBXProject;
			attributes = {
				LastSwiftUpdateCheck = 0810;
				LastUpgradeCheck = 0810;
				ORGANIZATIONNAME = "Amy Roberson";
				TargetAttributes = {
					E166EE211DF9DAD000F42910 = {
						CreatedOnToolsVersion = 8.1;
						DevelopmentTeam = N75G8FC36Y;
						ProvisioningStyle = Automatic;
					};
				};
			};
			buildConfigurationList = E166EE1D1DF9DAD000F42910 /* Build configuration list for PBXProject "AmericanFootBallScoreKeeper" */;
			compatibilityVersion = "Xcode 3.2";
			developmentRegion = English;
			hasScannedForEncodings = 0;
			knownRegions = (
				en,
			);
			mainGroup = E166EE191DF9DAD000F42910;
			productRefGroup = E166EE231DF9DAD000F42910 /* Products */;
			projectDirPath = "";
			projectRoot = "";
			targets = (
				E166EE211DF9DAD000F42910 /* AmericanFootBallScoreKeeper */,
			);
		};
/* End PBXProject section */

/* Begin PBXSourcesBuildPhase section */
		E166EE1E1DF9DAD000F42910 /* Sources */ = {
			isa = PBXSourcesBuildPhase;
			buildActionMask = 2147483647;
			files = (
				E10B14891DFC92360038C894 /* testingFunction.swift in Sources */,
				E10B14881DFB46580038C894 /* functionsTry2.swift in Sources */,
				E166EE2D1DF9DAE600F42910 /* Team.swift in Sources */,
				E166EE261DF9DAD000F42910 /* main.swift in Sources */,
			);
			runOnlyForDeploymentPostprocessing = 0;
		};
/* End PBXSourcesBuildPhase section */

/* Begin XCBuildConfiguration section */
		E166EE271DF9DAD000F42910 /* Debug */ = {
			isa = XCBuildConfiguration;
			buildSettings = {
				ALWAYS_SEARCH_USER_PATHS = NO;
				CLANG_ANALYZER_NONNULL = YES;
				CLANG_CXX_LANGUAGE_STANDARD = "gnu++0x";
				CLANG_CXX_LIBRARY = "libc++";
				CLANG_ENABLE_MODULES = YES;
				CLANG_ENABLE_OBJC_ARC = YES;
				CLANG_WARN_BOOL_CONVERSION = YES;
				CLANG_WARN_CONSTANT_CONVERSION = YES;
				CLANG_WARN_DIRECT_OBJC_ISA_USAGE = YES_ERROR;
				CLANG_WARN_DOCUMENTATION_COMMENTS = YES;
				CLANG_WARN_EMPTY_BODY = YES;
				CLANG_WARN_ENUM_CONVERSION = YES;
				CLANG_WARN_INFINITE_RECURSION = YES;
				CLANG_WARN_INT_CONVERSION = YES;
				CLANG_WARN_OBJC_ROOT_CLASS = YES_ERROR;
				CLANG_WARN_SUSPICIOUS_MOVES = YES;
				CLANG_WARN_UNREACHABLE_CODE = YES;
				CLANG_WARN__DUPLICATE_METHOD_MATCH = YES;
				CODE_SIGN_IDENTITY = "-";
				COPY_PHASE_STRIP = NO;
				DEBUG_INFORMATION_FORMAT = dwarf;
				ENABLE_STRICT_OBJC_MSGSEND = YES;
				ENABLE_TESTABILITY = YES;
				GCC_C_LANGUAGE_STANDARD = gnu99;
				GCC_DYNAMIC_NO_PIC = NO;
				GCC_NO_COMMON_BLOCKS = YES;
				GCC_OPTIMIZATION_LEVEL = 0;
				GCC_PREPROCESSOR_DEFINITIONS = (
					"DEBUG=1",
					"$(inherited)",
				);
				GCC_WARN_64_TO_32_BIT_CONVERSION = YES;
				GCC_WARN_ABOUT_RETURN_TYPE = YES_ERROR;
				GCC_WARN_UNDECLARED_SELECTOR = YES;
				GCC_WARN_UNINITIALIZED_AUTOS = YES_AGGRESSIVE;
				GCC_WARN_UNUSED_FUNCTION = YES;
				GCC_WARN_UNUSED_VARIABLE = YES;
				MACOSX_DEPLOYMENT_TARGET = 10.11;
				MTL_ENABLE_DEBUG_INFO = YES;
				ONLY_ACTIVE_ARCH = YES;
				SDKROOT = macosx;
				SWIFT_OPTIMIZATION_LEVEL = "-Onone";
			};
			name = Debug;
		};
		E166EE281DF9DAD000F42910 /* Release */ = {
			isa = XCBuildConfiguration;
			buildSettings = {
				ALWAYS_SEARCH_USER_PATHS = NO;
				CLANG_ANALYZER_NONNULL = YES;
				CLANG_CXX_LANGUAGE_STANDARD = "gnu++0x";
				CLANG_CXX_LIBRARY = "libc++";
				CLANG_ENABLE_MODULES = YES;
				CLANG_ENABLE_OBJC_ARC = YES;
				CLANG_WARN_BOOL_CONVERSION = YES;
				CLANG_WARN_CONSTANT_CONVERSION = YES;
				CLANG_WARN_DIRECT_OBJC_ISA_USAGE = YES_ERROR;
				CLANG_WARN_DOCUMENTATION_COMMENTS = YES;
				CLANG_WARN_EMPTY_BODY = YES;
				CLANG_WARN_ENUM_CONVERSION = YES;
				CLANG_WARN_INFINITE_RECURSION = YES;
				CLANG_WARN_INT_CONVERSION = YES;
				CLANG_WARN_OBJC_ROOT_CLASS = YES_ERROR;
				CLANG_WARN_SUSPICIOUS_MOVES = YES;
				CLANG_WARN_UNREACHABLE_CODE = YES;
				CLANG_WARN__DUPLICATE_METHOD_MATCH = YES;
				CODE_SIGN_IDENTITY = "-";
				COPY_PHASE_STRIP = NO;
				DEBUG_INFORMATION_FORMAT = "dwarf-with-dsym";
				ENABLE_NS_ASSERTIONS = NO;
				ENABLE_STRICT_OBJC_MSGSEND = YES;
				GCC_C_LANGUAGE_STANDARD = gnu99;
				GCC_NO_COMMON_BLOCKS = YES;
				GCC_WARN_64_TO_32_BIT_CONVERSION = YES;
				GCC_WARN_ABOUT_RETURN_TYPE = YES_ERROR;
				GCC_WARN_UNDECLARED_SELECTOR = YES;
				GCC_WARN_UNINITIALIZED_AUTOS = YES_AGGRESSIVE;
				GCC_WARN_UNUSED_FUNCTION = YES;
				GCC_WARN_UNUSED_VARIABLE = YES;
				MACOSX_DEPLOYMENT_TARGET = 10.11;
				MTL_ENABLE_DEBUG_INFO = NO;
				SDKROOT = macosx;
			};
			name = Release;
		};
		E166EE2A1DF9DAD000F42910 /* Debug */ = {
			isa = XCBuildConfiguration;
			buildSettings = {
				DEVELOPMENT_TEAM = N75G8FC36Y;
				PRODUCT_NAME = "$(TARGET_NAME)";
				SWIFT_VERSION = 3.0;
			};
			name = Debug;
		};
		E166EE2B1DF9DAD000F42910 /* Release */ = {
			isa = XCBuildConfiguration;
			buildSettings = {
				DEVELOPMENT_TEAM = N75G8FC36Y;
				PRODUCT_NAME = "$(TARGET_NAME)";
				SWIFT_VERSION = 3.0;
			};
			name = Release;
		};
/* End XCBuildConfiguration section */

/* Begin XCConfigurationList section */
		E166EE1D1DF9DAD000F42910 /* Build configuration list for PBXProject "AmericanFootBallScoreKeeper" */ = {
			isa = XCConfigurationList;
			buildConfigurations = (
				E166EE271DF9DAD000F42910 /* Debug */,
				E166EE281DF9DAD000F42910 /* Release */,
			);
			defaultConfigurationIsVisible = 0;
			defaultConfigurationName = Release;
		};
		E166EE291DF9DAD000F42910 /* Build configuration list for PBXNativeTarget "AmericanFootBallScoreKeeper" */ = {
			isa = XCConfigurationList;
			buildConfigurations = (
				E166EE2A1DF9DAD000F42910 /* Debug */,
				E166EE2B1DF9DAD000F42910 /* Release */,
			);
			defaultConfigurationIsVisible = 0;
			defaultConfigurationName = Release;
		};
/* End XCConfigurationList section */
	};
	rootObject = E166EE1A1DF9DAD000F42910 /* Project object */;
}
